
Microsoft Visual Studio Solution File, Format Version 12.00
# Visual Studio Version 16
VisualStudioVersion = 16.0.31205.134
MinimumVisualStudioVersion = 10.0.40219.1
Project("{9A19103F-16F7-4668-BE54-9A1E7A4F7556}") = "design_pattern", "design_pattern\design_pattern.csproj", "{B982585E-5A37-484B-A071-8259113DFB5E}"
EndProject
Global
	GlobalSection(SolutionConfigurationPlatforms) = preSolution
		Debug|Any CPU = Debug|Any CPU
		Release|Any CPU = Release|Any CPU
	EndGlobalSection
	GlobalSection(ProjectConfigurationPlatforms) = postSolution
		{B982585E-5A37-484B-A071-8259113DFB5E}.Debug|Any CPU.ActiveCfg = Debug|Any CPU
		{B982585E-5A37-484B-A071-8259113DFB5E}.Debug|Any CPU.Build.0 = Debug|Any CPU
		{B982585E-5A37-484B-A071-8259113DFB5E}.Release|Any CPU.ActiveCfg = Release|Any CPU
		{B982585E-5A37-484B-A071-8259113DFB5E}.Release|Any CPU.Build.0 = Release|Any CPU
	EndGlobalSection
	GlobalSection(SolutionProperties) = preSolution
		HideSolutionNode = FALSE
	EndGlobalSection
	GlobalSection(ExtensibilityGlobals) = postSolution
		SolutionGuid = {0F65A81B-06A7-469B-8AD5-7BCE05EBAFF3}
	EndGlobalSection
EndGlobal
